
Microsoft Visual Studio Solution File, Format Version 10.00
# Visual Studio 2008
Project("{8BC9CEB8-8B4A-11D0-8D11-00A0C91BC942}") = "sem_rabota_3", "sem_rabota_3\sem_rabota_3.vcproj", "{DE877B31-E458-4296-9521-5924F43C3033}"
EndProject
Global
	GlobalSection(SolutionConfigurationPlatforms) = preSolution
		Debug|Win32 = Debug|Win32
		Release|Win32 = Release|Win32
	EndGlobalSection
	GlobalSection(ProjectConfigurationPlatforms) = postSolution
		{DE877B31-E458-4296-9521-5924F43C3033}.Debug|Win32.ActiveCfg = Debug|Win32
		{DE877B31-E458-4296-9521-5924F43C3033}.Debug|Win32.Build.0 = Debug|Win32
		{DE877B31-E458-4296-9521-5924F43C3033}.Release|Win32.ActiveCfg = Release|Win32
		{DE877B31-E458-4296-9521-5924F43C3033}.Release|Win32.Build.0 = Release|Win32
	EndGlobalSection
	GlobalSection(SolutionProperties) = preSolution
		HideSolutionNode = FALSE
	EndGlobalSection
EndGlobal
